
Microsoft Visual Studio Solution File, Format Version 12.00
# Visual Studio Version 16
VisualStudioVersion = 16.0.29613.14
MinimumVisualStudioVersion = 10.0.40219.1
Project("{FAE04EC0-301F-11D3-BF4B-00C04F79EFBC}") = "Inventario y Contabilidad", "Inventario y Contabilidad.csproj", "{A5074FFA-CBE1-4D9C-B9B6-960C491C3A0A}"
EndProject
Global
	GlobalSection(SolutionConfigurationPlatforms) = preSolution
		Debug|Any CPU = Debug|Any CPU
		Release|Any CPU = Release|Any CPU
	EndGlobalSection
	GlobalSection(ProjectConfigurationPlatforms) = postSolution
		{A5074FFA-CBE1-4D9C-B9B6-960C491C3A0A}.Debug|Any CPU.ActiveCfg = Debug|Any CPU
		{A5074FFA-CBE1-4D9C-B9B6-960C491C3A0A}.Debug|Any CPU.Build.0 = Debug|Any CPU
		{A5074FFA-CBE1-4D9C-B9B6-960C491C3A0A}.Release|Any CPU.ActiveCfg = Release|Any CPU
		{A5074FFA-CBE1-4D9C-B9B6-960C491C3A0A}.Release|Any CPU.Build.0 = Release|Any CPU
	EndGlobalSection
	GlobalSection(SolutionProperties) = preSolution
		HideSolutionNode = FALSE
	EndGlobalSection
	GlobalSection(ExtensibilityGlobals) = postSolution
		SolutionGuid = {8AB2E176-6423-49C5-AD27-8CB11E1439A9}
	EndGlobalSection
EndGlobal
